// !$*UTF8*$!
{
	archiveVersion = 1;
	classes = {
	};
	objectVersion = 50;
	objects = {

/* Begin PBXBuildFile section */
		315A64BC2440BF6200773E54 /* AppDelegate.swift in Sources */ = {isa = PBXBuildFile; fileRef = 315A64BB2440BF6200773E54 /* AppDelegate.swift */; };
		315A64BE2440BF6200773E54 /* SceneDelegate.swift in Sources */ = {isa = PBXBuildFile; fileRef = 315A64BD2440BF6200773E54 /* SceneDelegate.swift */; };
		315A64C02440BF6200773E54 /* ViewController.swift in Sources */ = {isa = PBXBuildFile; fileRef = 315A64BF2440BF6200773E54 /* ViewController.swift */; };
		315A64C32440BF6200773E54 /* Main.storyboard in Resources */ = {isa = PBXBuildFile; fileRef = 315A64C12440BF6200773E54 /* Main.storyboard */; };
		315A64C52440BF6600773E54 /* Assets.xcassets in Resources */ = {isa = PBXBuildFile; fileRef = 315A64C42440BF6600773E54 /* Assets.xcassets */; };
		315A64C82440BF6600773E54 /* LaunchScreen.storyboard in Resources */ = {isa = PBXBuildFile; fileRef = 315A64C62440BF6600773E54 /* LaunchScreen.storyboard */; };
/* End PBXBuildFile section */

/* Begin PBXFileReference section */
		315A64B82440BF6200773E54 /* Swift 5.1闭包Closures与尾随闭包.app */ = {isa = PBXFileReference; explicitFileType = wrapper.application; includeInIndex = 0; path = "Swift 5.1闭包Closures与尾随闭包.app"; sourceTree = BUILT_PRODUCTS_DIR; };
		315A64BB2440BF6200773E54 /* AppDelegate.swift */ = {isa = PBXFileReference; lastKnownFileType = sourcecode.swift; path = AppDelegate.swift; sourceTree = "<group>"; };
		315A64BD2440BF6200773E54 /* SceneDelegate.swift */ = {isa = PBXFileReference; lastKnownFileType = sourcecode.swift; path = SceneDelegate.swift; sourceTree = "<group>"; };
		315A64BF2440BF6200773E54 /* ViewController.swift */ = {isa = PBXFileReference; lastKnownFileType = sourcecode.swift; path = ViewController.swift; sourceTree = "<group>"; };
		315A64C22440BF6200773E54 /* Base */ = {isa = PBXFileReference; lastKnownFileType = file.storyboard; name = Base; path = Base.lproj/Main.storyboard; sourceTree = "<group>"; };
		315A64C42440BF6600773E54 /* Assets.xcassets */ = {isa = PBXFileReference; lastKnownFileType = folder.assetcatalog; path = Assets.xcassets; sourceTree = "<group>"; };
		315A64C72440BF6600773E54 /* Base */ = {isa = PBXFileReference; lastKnownFileType = file.storyboard; name = Base; path = Base.lproj/LaunchScreen.storyboard; sourceTree = "<group>"; };
		315A64C92440BF6600773E54 /* Info.plist */ = {isa = PBXFileReference; lastKnownFileType = text.plist.xml; path = Info.plist; sourceTree = "<group>"; };
/* End PBXFileReference section */

/* Begin PBXFrameworksBuildPhase section */
		315A64B52440BF6200773E54 /* Frameworks */ = {
			isa = PBXFrameworksBuildPhase;
			buildActionMask = 2147483647;
			files = (
			);
			runOnlyForDeploymentPostprocessing = 0;
		};
/* End PBXFrameworksBuildPhase section */

/* Begin PBXGroup section */
		315A64AF2440BF6200773E54 = {
			isa = PBXGroup;
			children = (
				315A64BA2440BF6200773E54 /* Swift 5.1闭包Closures与尾随闭包 */,
				315A64B92440BF6200773E54 /* Products */,
			);
			sourceTree = "<group>";
		};
		315A64B92440BF6200773E54 /* Products */ = {
			isa = PBXGroup;
			children = (
				315A64B82440BF6200773E54 /* Swift 5.1闭包Closures与尾随闭包.app */,
			);
			name = Products;
			sourceTree = "<group>";
		};
		315A64BA2440BF6200773E54 /* Swift 5.1闭包Closures与尾随闭包 */ = {
			isa = PBXGroup;
			children = (
				315A64BB2440BF6200773E54 /* AppDelegate.swift */,
				315A64BD2440BF6200773E54 /* SceneDelegate.swift */,
				315A64BF2440BF6200773E54 /* ViewController.swift */,
				315A64C12440BF6200773E54 /* Main.storyboard */,
				315A64C42440BF6600773E54 /* Assets.xcassets */,
				315A64C62440BF6600773E54 /* LaunchScreen.storyboard */,
				315A64C92440BF6600773E54 /* Info.plist */,
			);
			path = "Swift 5.1闭包Closures与尾随闭包";
			sourceTree = "<group>";
		};
/* End PBXGroup section */

/* Begin PBXNativeTarget section */
		315A64B72440BF6200773E54 /* Swift 5.1闭包Closures与尾随闭包 */ = {
			isa = PBXNativeTarget;
			buildConfigurationList = 315A64CC2440BF6600773E54 /* Build configuration list for PBXNativeTarget "Swift 5.1闭包Closures与尾随闭包" */;
			buildPhases = (
				315A64B42440BF6200773E54 /* Sources */,
				315A64B52440BF6200773E54 /* Frameworks */,
				315A64B62440BF6200773E54 /* Resources */,
			);
			buildRules = (
			);
			dependencies = (
			);
			name = "Swift 5.1闭包Closures与尾随闭包";
			productName = "Swift 5.1闭包Closures与尾随闭包";
			productReference = 315A64B82440BF6200773E54 /* Swift 5.1闭包Closures与尾随闭包.app */;
			productType = "com.apple.product-type.application";
		};
/* End PBXNativeTarget section */

/* Begin PBXProject section */
		315A64B02440BF6200773E54 /* Project object */ = {
			isa = PBXProject;
			attributes = {
				LastSwiftUpdateCheck = 1140;
				LastUpgradeCheck = 1140;
				ORGANIZATIONNAME = "李小龙";
				TargetAttributes = {
					315A64B72440BF6200773E54 = {
						CreatedOnToolsVersion = 11.4;
					};
				};
			};
			buildConfigurationList = 315A64B32440BF6200773E54 /* Build configuration list for PBXProject "Swift 5.1闭包Closures与尾随闭包" */;
			compatibilityVersion = "Xcode 9.3";
			developmentRegion = en;
			hasScannedForEncodings = 0;
			knownRegions = (
				en,
				Base,
			);
			mainGroup = 315A64AF2440BF6200773E54;
			productRefGroup = 315A64B92440BF6200773E54 /* Products */;
			projectDirPath = "";
			projectRoot = "";
			targets = (
				315A64B72440BF6200773E54 /* Swift 5.1闭包Closures与尾随闭包 */,
			);
		};
/* End PBXProject section */

/* Begin PBXResourcesBuildPhase section */
		315A64B62440BF6200773E54 /* Resources */ = {
			isa = PBXResourcesBuildPhase;
			buildActionMask = 2147483647;
			files = (
				315A64C82440BF6600773E54 /* LaunchScreen.storyboard in Resources */,
				315A64C52440BF6600773E54 /* Assets.xcassets in Resources */,
				315A64C32440BF6200773E54 /* Main.storyboard in Resources */,
			);
			runOnlyForDeploymentPostprocessing = 0;
		};
/* End PBXResourcesBuildPhase section */

/* Begin PBXSourcesBuildPhase section */
		315A64B42440BF6200773E54 /* Sources */ = {
			isa = PBXSourcesBuildPhase;
			buildActionMask = 2147483647;
			files = (
				315A64C02440BF6200773E54 /* ViewController.swift in Sources */,
				315A64BC2440BF6200773E54 /* AppDelegate.swift in Sources */,
				315A64BE2440BF6200773E54 /* SceneDelegate.swift in Sources */,
			);
			runOnlyForDeploymentPostprocessing = 0;
		};
/* End PBXSourcesBuildPhase section */

/* Begin PBXVariantGroup section */
		315A64C12440BF6200773E54 /* Main.storyboard */ = {
			isa = PBXVariantGroup;
			children = (
				315A64C22440BF6200773E54 /* Base */,
			);
			name = Main.storyboard;
			sourceTree = "<group>";
		};
		315A64C62440BF6600773E54 /* LaunchScreen.storyboard */ = {
			isa = PBXVariantGroup;
			children = (
				315A64C72440BF6600773E54 /* Base */,
			);
			name = LaunchScreen.storyboard;
			sourceTree = "<group>";
		};
/* End PBXVariantGroup section */

/* Begin XCBuildConfiguration section */
		315A64CA2440BF6600773E54 /* Debug */ = {
			isa = XCBuildConfiguration;
			buildSettings = {
				ALWAYS_SEARCH_USER_PATHS = NO;
				CLANG_ANALYZER_NONNULL = YES;
				CLANG_ANALYZER_NUMBER_OBJECT_CONVERSION = YES_AGGRESSIVE;
				CLANG_CXX_LANGUAGE_STANDARD = "gnu++14";
				CLANG_CXX_LIBRARY = "libc++";
				CLANG_ENABLE_MODULES = YES;
				CLANG_ENABLE_OBJC_ARC = YES;
				CLANG_ENABLE_OBJC_WEAK = YES;
				CLANG_WARN_BLOCK_CAPTURE_AUTORELEASING = YES;
				CLANG_WARN_BOOL_CONVERSION = YES;
				CLANG_WARN_COMMA = YES;
				CLANG_WARN_CONSTANT_CONVERSION = YES;
				CLANG_WARN_DEPRECATED_OBJC_IMPLEMENTATIONS = YES;
				CLANG_WARN_DIRECT_OBJC_ISA_USAGE = YES_ERROR;
				CLANG_WARN_DOCUMENTATION_COMMENTS = YES;
				CLANG_WARN_EMPTY_BODY = YES;
				CLANG_WARN_ENUM_CONVERSION = YES;
				CLANG_WARN_INFINITE_RECURSION = YES;
				CLANG_WARN_INT_CONVERSION = YES;
				CLANG_WARN_NON_LITERAL_NULL_CONVERSION = YES;
				CLANG_WARN_OBJC_IMPLICIT_RETAIN_SELF = YES;
				CLANG_WARN_OBJC_LITERAL_CONVERSION = YES;
				CLANG_WARN_OBJC_ROOT_CLASS = YES_ERROR;
				CLANG_WARN_RANGE_LOOP_ANALYSIS = YES;
				CLANG_WARN_STRICT_PROTOTYPES = YES;
				CLANG_WARN_SUSPICIOUS_MOVE = YES;
				CLANG_WARN_UNGUARDED_AVAILABILITY = YES_AGGRESSIVE;
				CLANG_WARN_UNREACHABLE_CODE = YES;
				CLANG_WARN__DUPLICATE_METHOD_MATCH = YES;
				COPY_PHASE_STRIP = NO;
				DEBUG_INFORMATION_FORMAT = dwarf;
				ENABLE_STRICT_OBJC_MSGSEND = YES;
				ENABLE_TESTABILITY = YES;
				GCC_C_LANGUAGE_STANDARD = gnu11;
				GCC_DYNAMIC_NO_PIC = NO;
				GCC_NO_COMMON_BLOCKS = YES;
				GCC_OPTIMIZATION_LEVEL = 0;
				GCC_PREPROCESSOR_DEFINITIONS = (
					"DEBUG=1",
					"$(inherited)",
				);
				GCC_WARN_64_TO_32_BIT_CONVERSION = YES;
				GCC_WARN_ABOUT_RETURN_TYPE = YES_ERROR;
				GCC_WARN_UNDECLARED_SELECTOR = YES;
				GCC_WARN_UNINITIALIZED_AUTOS = YES_AGGRESSIVE;
				GCC_WARN_UNUSED_FUNCTION = YES;
				GCC_WARN_UNUSED_VARIABLE = YES;
				IPHONEOS_DEPLOYMENT_TARGET = 13.4;
				MTL_ENABLE_DEBUG_INFO = INCLUDE_SOURCE;
				MTL_FAST_MATH = YES;
				ONLY_ACTIVE_ARCH = YES;
				SDKROOT = iphoneos;
				SWIFT_ACTIVE_COMPILATION_CONDITIONS = DEBUG;
				SWIFT_OPTIMIZATION_LEVEL = "-Onone";
			};
			name = Debug;
		};
		315A64CB2440BF6600773E54 /* Release */ = {
			isa = XCBuildConfiguration;
			buildSettings = {
				ALWAYS_SEARCH_USER_PATHS = NO;
				CLANG_ANALYZER_NONNULL = YES;
				CLANG_ANALYZER_NUMBER_OBJECT_CONVERSION = YES_AGGRESSIVE;
				CLANG_CXX_LANGUAGE_STANDARD = "gnu++14";
				CLANG_CXX_LIBRARY = "libc++";
				CLANG_ENABLE_MODULES = YES;
				CLANG_ENABLE_OBJC_ARC = YES;
				CLANG_ENABLE_OBJC_WEAK = YES;
				CLANG_WARN_BLOCK_CAPTURE_AUTORELEASING = YES;
				CLANG_WARN_BOOL_CONVERSION = YES;
				CLANG_WARN_COMMA = YES;
				CLANG_WARN_CONSTANT_CONVERSION = YES;
				CLANG_WARN_DEPRECATED_OBJC_IMPLEMENTATIONS = YES;
				CLANG_WARN_DIRECT_OBJC_ISA_USAGE = YES_ERROR;
				CLANG_WARN_DOCUMENTATION_COMMENTS = YES;
				CLANG_WARN_EMPTY_BODY = YES;
				CLANG_WARN_ENUM_CONVERSION = YES;
				CLANG_WARN_INFINITE_RECURSION = YES;
				CLANG_WARN_INT_CONVERSION = YES;
				CLANG_WARN_NON_LITERAL_NULL_CONVERSION = YES;
				CLANG_WARN_OBJC_IMPLICIT_RETAIN_SELF = YES;
				CLANG_WARN_OBJC_LITERAL_CONVERSION = YES;
				CLANG_WARN_OBJC_ROOT_CLASS = YES_ERROR;
				CLANG_WARN_RANGE_LOOP_ANALYSIS = YES;
				CLANG_WARN_STRICT_PROTOTYPES = YES;
				CLANG_WARN_SUSPICIOUS_MOVE = YES;
				CLANG_WARN_UNGUARDED_AVAILABILITY = YES_AGGRESSIVE;
				CLANG_WARN_UNREACHABLE_CODE = YES;
				CLANG_WARN__DUPLICATE_METHOD_MATCH = YES;
				COPY_PHASE_STRIP = NO;
				DEBUG_INFORMATION_FORMAT = "dwarf-with-dsym";
				ENABLE_NS_ASSERTIONS = NO;
				ENABLE_STRICT_OBJC_MSGSEND = YES;
				GCC_C_LANGUAGE_STANDARD = gnu11;
				GCC_NO_COMMON_BLOCKS = YES;
				GCC_WARN_64_TO_32_BIT_CONVERSION = YES;
				GCC_WARN_ABOUT_RETURN_TYPE = YES_ERROR;
				GCC_WARN_UNDECLARED_SELECTOR = YES;
				GCC_WARN_UNINITIALIZED_AUTOS = YES_AGGRESSIVE;
				GCC_WARN_UNUSED_FUNCTION = YES;
				GCC_WARN_UNUSED_VARIABLE = YES;
				IPHONEOS_DEPLOYMENT_TARGET = 13.4;
				MTL_ENABLE_DEBUG_INFO = NO;
				MTL_FAST_MATH = YES;
				SDKROOT = iphoneos;
				SWIFT_COMPILATION_MODE = wholemodule;
				SWIFT_OPTIMIZATION_LEVEL = "-O";
				VALIDATE_PRODUCT = YES;
			};
			name = Release;
		};
		315A64CD2440BF6600773E54 /* Debug */ = {
			isa = XCBuildConfiguration;
			buildSettings = {
				ASSETCATALOG_COMPILER_APPICON_NAME = AppIcon;
				CODE_SIGN_STYLE = Automatic;
				DEVELOPMENT_TEAM = 7HLAS7R6T3;
				INFOPLIST_FILE = "Swift 5.1闭包Closures与尾随闭包/Info.plist";
				LD_RUNPATH_SEARCH_PATHS = (
					"$(inherited)",
					"@executable_path/Frameworks",
				);
				PRODUCT_BUNDLE_IDENTIFIER = "lixiaolong.Swift-5-1--Closures-----";
				PRODUCT_NAME = "$(TARGET_NAME)";
				SWIFT_VERSION = 5.0;
				TARGETED_DEVICE_FAMILY = "1,2";
			};
			name = Debug;
		};
		315A64CE2440BF6600773E54 /* Release */ = {
			isa = XCBuildConfiguration;
			buildSettings = {
				ASSETCATALOG_COMPILER_APPICON_NAME = AppIcon;
				CODE_SIGN_STYLE = Automatic;
				DEVELOPMENT_TEAM = 7HLAS7R6T3;
				INFOPLIST_FILE = "Swift 5.1闭包Closures与尾随闭包/Info.plist";
				LD_RUNPATH_SEARCH_PATHS = (
					"$(inherited)",
					"@executable_path/Frameworks",
				);
				PRODUCT_BUNDLE_IDENTIFIER = "lixiaolong.Swift-5-1--Closures-----";
				PRODUCT_NAME = "$(TARGET_NAME)";
				SWIFT_VERSION = 5.0;
				TARGETED_DEVICE_FAMILY = "1,2";
			};
			name = Release;
		};
/* End XCBuildConfiguration section */

/* Begin XCConfigurationList section */
		315A64B32440BF6200773E54 /* Build configuration list for PBXProject "Swift 5.1闭包Closures与尾随闭包" */ = {
			isa = XCConfigurationList;
			buildConfigurations = (
				315A64CA2440BF6600773E54 /* Debug */,
				315A64CB2440BF6600773E54 /* Release */,
			);
			defaultConfigurationIsVisible = 0;
			defaultConfigurationName = Release;
		};
		315A64CC2440BF6600773E54 /* Build configuration list for PBXNativeTarget "Swift 5.1闭包Closures与尾随闭包" */ = {
			isa = XCConfigurationList;
			buildConfigurations = (
				315A64CD2440BF6600773E54 /* Debug */,
				315A64CE2440BF6600773E54 /* Release */,
			);
			defaultConfigurationIsVisible = 0;
			defaultConfigurationName = Release;
		};
/* End XCConfigurationList section */
	};
	rootObject = 315A64B02440BF6200773E54 /* Project object */;
}
